
Microsoft Visual Studio Solution File, Format Version 12.00
# Visual Studio Version 16
VisualStudioVersion = 16.0.31410.357
MinimumVisualStudioVersion = 10.0.40219.1
Project("{9A19103F-16F7-4668-BE54-9A1E7A4F7556}") = "SQLServerUI", "SQLServerUI\SQLServerUI.csproj", "{6D0F13D4-2E52-45B3-A6BF-1310CC1BF33A}"
EndProject
Project("{9A19103F-16F7-4668-BE54-9A1E7A4F7556}") = "DataAccessLibrary", "DataAccessLibrary\DataAccessLibrary.csproj", "{278754D6-FE6C-4AA3-BAEF-56DF1270683A}"
EndProject
Project("{00D1A9C2-B5F0-4AF3-8072-F6C62B433612}") = "SQLContactsDB", "SQLContactsDB\SQLContactsDB.sqlproj", "{299C09EB-7F36-4728-8693-4E01BC1E15C8}"
EndProject
Project("{FAE04EC0-301F-11D3-BF4B-00C04F79EFBC}") = "SqliteUI", "SqliteUI\SqliteUI.csproj", "{C82796E5-B407-4A23-823D-7306E888182D}"
EndProject
Project("{FAE04EC0-301F-11D3-BF4B-00C04F79EFBC}") = "MySqlUI", "MySqlUI\MySqlUI.csproj", "{D8DD8E8E-030A-42EA-9E9D-515BF39A55C6}"
EndProject
Global
	GlobalSection(SolutionConfigurationPlatforms) = preSolution
		Debug|Any CPU = Debug|Any CPU
		Release|Any CPU = Release|Any CPU
	EndGlobalSection
	GlobalSection(ProjectConfigurationPlatforms) = postSolution
		{6D0F13D4-2E52-45B3-A6BF-1310CC1BF33A}.Debug|Any CPU.ActiveCfg = Debug|Any CPU
		{6D0F13D4-2E52-45B3-A6BF-1310CC1BF33A}.Debug|Any CPU.Build.0 = Debug|Any CPU
		{6D0F13D4-2E52-45B3-A6BF-1310CC1BF33A}.Release|Any CPU.ActiveCfg = Release|Any CPU
		{6D0F13D4-2E52-45B3-A6BF-1310CC1BF33A}.Release|Any CPU.Build.0 = Release|Any CPU
		{278754D6-FE6C-4AA3-BAEF-56DF1270683A}.Debug|Any CPU.ActiveCfg = Debug|Any CPU
		{278754D6-FE6C-4AA3-BAEF-56DF1270683A}.Debug|Any CPU.Build.0 = Debug|Any CPU
		{278754D6-FE6C-4AA3-BAEF-56DF1270683A}.Release|Any CPU.ActiveCfg = Release|Any CPU
		{278754D6-FE6C-4AA3-BAEF-56DF1270683A}.Release|Any CPU.Build.0 = Release|Any CPU
		{299C09EB-7F36-4728-8693-4E01BC1E15C8}.Debug|Any CPU.ActiveCfg = Debug|Any CPU
		{299C09EB-7F36-4728-8693-4E01BC1E15C8}.Debug|Any CPU.Build.0 = Debug|Any CPU
		{299C09EB-7F36-4728-8693-4E01BC1E15C8}.Debug|Any CPU.Deploy.0 = Debug|Any CPU
		{299C09EB-7F36-4728-8693-4E01BC1E15C8}.Release|Any CPU.ActiveCfg = Release|Any CPU
		{299C09EB-7F36-4728-8693-4E01BC1E15C8}.Release|Any CPU.Build.0 = Release|Any CPU
		{299C09EB-7F36-4728-8693-4E01BC1E15C8}.Release|Any CPU.Deploy.0 = Release|Any CPU
		{C82796E5-B407-4A23-823D-7306E888182D}.Debug|Any CPU.ActiveCfg = Debug|Any CPU
		{C82796E5-B407-4A23-823D-7306E888182D}.Debug|Any CPU.Build.0 = Debug|Any CPU
		{C82796E5-B407-4A23-823D-7306E888182D}.Release|Any CPU.ActiveCfg = Release|Any CPU
		{C82796E5-B407-4A23-823D-7306E888182D}.Release|Any CPU.Build.0 = Release|Any CPU
		{D8DD8E8E-030A-42EA-9E9D-515BF39A55C6}.Debug|Any CPU.ActiveCfg = Debug|Any CPU
		{D8DD8E8E-030A-42EA-9E9D-515BF39A55C6}.Debug|Any CPU.Build.0 = Debug|Any CPU
		{D8DD8E8E-030A-42EA-9E9D-515BF39A55C6}.Release|Any CPU.ActiveCfg = Release|Any CPU
		{D8DD8E8E-030A-42EA-9E9D-515BF39A55C6}.Release|Any CPU.Build.0 = Release|Any CPU
	EndGlobalSection
	GlobalSection(SolutionProperties) = preSolution
		HideSolutionNode = FALSE
	EndGlobalSection
	GlobalSection(ExtensibilityGlobals) = postSolution
		SolutionGuid = {69F9A922-C106-4CAB-863F-327BA6D05A8B}
	EndGlobalSection
EndGlobal
